
Microsoft Visual Studio Solution File, Format Version 12.00
# Visual Studio Version 16
VisualStudioVersion = 16.0.31205.134
MinimumVisualStudioVersion = 10.0.40219.1
Project("{2150E333-8FDC-42A3-9474-1A3956D46DE8}") = "Services", "Services", "{8A966550-BF71-4C36-8792-62C1696D2FA5}"
EndProject
Project("{2150E333-8FDC-42A3-9474-1A3956D46DE8}") = "Catalog", "Catalog", "{7978805D-28F1-4C17-9C86-259C772A090C}"
EndProject
Project("{9A19103F-16F7-4668-BE54-9A1E7A4F7556}") = "Catalog.API", "Services\Catalog\Catalog.API\Catalog.API.csproj", "{D918E61D-400C-4357-A79F-F825CE76366A}"
EndProject
Project("{E53339B2-1760-4266-BCC7-CA923CBCF16C}") = "docker-compose", "docker-compose.dcproj", "{8D5B45D1-96F6-428C-BEA2-DF087C13449D}"
EndProject
Global
	GlobalSection(SolutionConfigurationPlatforms) = preSolution
		Debug|Any CPU = Debug|Any CPU
		Release|Any CPU = Release|Any CPU
	EndGlobalSection
	GlobalSection(ProjectConfigurationPlatforms) = postSolution
		{D918E61D-400C-4357-A79F-F825CE76366A}.Debug|Any CPU.ActiveCfg = Debug|Any CPU
		{D918E61D-400C-4357-A79F-F825CE76366A}.Debug|Any CPU.Build.0 = Debug|Any CPU
		{D918E61D-400C-4357-A79F-F825CE76366A}.Release|Any CPU.ActiveCfg = Release|Any CPU
		{D918E61D-400C-4357-A79F-F825CE76366A}.Release|Any CPU.Build.0 = Release|Any CPU
		{8D5B45D1-96F6-428C-BEA2-DF087C13449D}.Debug|Any CPU.ActiveCfg = Debug|Any CPU
		{8D5B45D1-96F6-428C-BEA2-DF087C13449D}.Debug|Any CPU.Build.0 = Debug|Any CPU
		{8D5B45D1-96F6-428C-BEA2-DF087C13449D}.Release|Any CPU.ActiveCfg = Release|Any CPU
		{8D5B45D1-96F6-428C-BEA2-DF087C13449D}.Release|Any CPU.Build.0 = Release|Any CPU
	EndGlobalSection
	GlobalSection(SolutionProperties) = preSolution
		HideSolutionNode = FALSE
	EndGlobalSection
	GlobalSection(NestedProjects) = preSolution
		{7978805D-28F1-4C17-9C86-259C772A090C} = {8A966550-BF71-4C36-8792-62C1696D2FA5}
		{D918E61D-400C-4357-A79F-F825CE76366A} = {7978805D-28F1-4C17-9C86-259C772A090C}
	EndGlobalSection
	GlobalSection(ExtensibilityGlobals) = postSolution
		SolutionGuid = {4F2169CC-5816-4410-AE96-6E57A843E4C0}
	EndGlobalSection
EndGlobal
