
Microsoft Visual Studio Solution File, Format Version 12.00
# Visual Studio Version 16
VisualStudioVersion = 16.0.31205.134
MinimumVisualStudioVersion = 10.0.40219.1
Project("{2150E333-8FDC-42A3-9474-1A3956D46DE8}") = "Services", "Services", "{8A966550-BF71-4C36-8792-62C1696D2FA5}"
EndProject
Project("{2150E333-8FDC-42A3-9474-1A3956D46DE8}") = "Catalog", "Catalog", "{7978805D-28F1-4C17-9C86-259C772A090C}"
EndProject
Project("{9A19103F-16F7-4668-BE54-9A1E7A4F7556}") = "Catalog.API", "Services\Catalog\Catalog.API\Catalog.API.csproj", "{D918E61D-400C-4357-A79F-F825CE76366A}"
EndProject
Project("{E53339B2-1760-4266-BCC7-CA923CBCF16C}") = "docker-compose", "docker-compose.dcproj", "{8D5B45D1-96F6-428C-BEA2-DF087C13449D}"
EndProject
Project("{2150E333-8FDC-42A3-9474-1A3956D46DE8}") = "Basket", "Basket", "{39AC79E2-4996-4342-BB1E-9EF11760459D}"
EndProject
Project("{9A19103F-16F7-4668-BE54-9A1E7A4F7556}") = "Basket.API", "Services\Basket\Basket.API\Basket.API.csproj", "{B5094EAA-60F4-4869-808C-2DC209926535}"
EndProject
Project("{2150E333-8FDC-42A3-9474-1A3956D46DE8}") = "Discount", "Discount", "{4AD61B98-5FA1-4EC4-8FFE-0298D656BF67}"
EndProject
Project("{FAE04EC0-301F-11D3-BF4B-00C04F79EFBC}") = "Discount.API", "Services\Discount\Discount.API\Discount.API.csproj", "{551FCEB0-B24B-4E9C-9A3A-EF87DA0ABD5A}"
EndProject
Project("{FAE04EC0-301F-11D3-BF4B-00C04F79EFBC}") = "Discount.Grpc", "services\Discount\Discount.Grpc\Discount.Grpc.csproj", "{51124B8F-70F5-4EE0-9552-8DCCF8439E74}"
EndProject
Project("{2150E333-8FDC-42A3-9474-1A3956D46DE8}") = "Ordering", "Ordering", "{2917168A-6A81-4A8D-B2E5-A316724942AB}"
EndProject
Project("{FAE04EC0-301F-11D3-BF4B-00C04F79EFBC}") = "Ordering.API", "Services\Ordering\Ordering.API\Ordering.API.csproj", "{9DF024EF-FC88-4A1B-BCA8-D9858C798588}"
EndProject
Project("{FAE04EC0-301F-11D3-BF4B-00C04F79EFBC}") = "Ordering.Domain", "Services\Ordering\Ordering.Domain\Ordering.Domain.csproj", "{DC0EFC62-E601-4AC6-B444-C866E38C7F7A}"
EndProject
Project("{FAE04EC0-301F-11D3-BF4B-00C04F79EFBC}") = "Ordering.Application", "Services\Ordering\Ordering.Application\Ordering.Application.csproj", "{77720C3B-5A4F-40D4-A0D5-0EBC9CA98CA8}"
EndProject
Project("{FAE04EC0-301F-11D3-BF4B-00C04F79EFBC}") = "Ordering.Infrastructure", "Services\Ordering\Ordering.Infrastructure\Ordering.Infrastructure.csproj", "{73FA16FB-C519-4A3A-9102-B245859E3BD8}"
EndProject
Global
	GlobalSection(SolutionConfigurationPlatforms) = preSolution
		Debug|Any CPU = Debug|Any CPU
		Release|Any CPU = Release|Any CPU
	EndGlobalSection
	GlobalSection(ProjectConfigurationPlatforms) = postSolution
		{D918E61D-400C-4357-A79F-F825CE76366A}.Debug|Any CPU.ActiveCfg = Debug|Any CPU
		{D918E61D-400C-4357-A79F-F825CE76366A}.Debug|Any CPU.Build.0 = Debug|Any CPU
		{D918E61D-400C-4357-A79F-F825CE76366A}.Release|Any CPU.ActiveCfg = Release|Any CPU
		{D918E61D-400C-4357-A79F-F825CE76366A}.Release|Any CPU.Build.0 = Release|Any CPU
		{8D5B45D1-96F6-428C-BEA2-DF087C13449D}.Debug|Any CPU.ActiveCfg = Debug|Any CPU
		{8D5B45D1-96F6-428C-BEA2-DF087C13449D}.Debug|Any CPU.Build.0 = Debug|Any CPU
		{8D5B45D1-96F6-428C-BEA2-DF087C13449D}.Release|Any CPU.ActiveCfg = Release|Any CPU
		{8D5B45D1-96F6-428C-BEA2-DF087C13449D}.Release|Any CPU.Build.0 = Release|Any CPU
		{B5094EAA-60F4-4869-808C-2DC209926535}.Debug|Any CPU.ActiveCfg = Debug|Any CPU
		{B5094EAA-60F4-4869-808C-2DC209926535}.Debug|Any CPU.Build.0 = Debug|Any CPU
		{B5094EAA-60F4-4869-808C-2DC209926535}.Release|Any CPU.ActiveCfg = Release|Any CPU
		{B5094EAA-60F4-4869-808C-2DC209926535}.Release|Any CPU.Build.0 = Release|Any CPU
		{551FCEB0-B24B-4E9C-9A3A-EF87DA0ABD5A}.Debug|Any CPU.ActiveCfg = Debug|Any CPU
		{551FCEB0-B24B-4E9C-9A3A-EF87DA0ABD5A}.Debug|Any CPU.Build.0 = Debug|Any CPU
		{551FCEB0-B24B-4E9C-9A3A-EF87DA0ABD5A}.Release|Any CPU.ActiveCfg = Release|Any CPU
		{551FCEB0-B24B-4E9C-9A3A-EF87DA0ABD5A}.Release|Any CPU.Build.0 = Release|Any CPU
		{51124B8F-70F5-4EE0-9552-8DCCF8439E74}.Debug|Any CPU.ActiveCfg = Debug|Any CPU
		{51124B8F-70F5-4EE0-9552-8DCCF8439E74}.Debug|Any CPU.Build.0 = Debug|Any CPU
		{51124B8F-70F5-4EE0-9552-8DCCF8439E74}.Release|Any CPU.ActiveCfg = Release|Any CPU
		{51124B8F-70F5-4EE0-9552-8DCCF8439E74}.Release|Any CPU.Build.0 = Release|Any CPU
		{9DF024EF-FC88-4A1B-BCA8-D9858C798588}.Debug|Any CPU.ActiveCfg = Debug|Any CPU
		{9DF024EF-FC88-4A1B-BCA8-D9858C798588}.Debug|Any CPU.Build.0 = Debug|Any CPU
		{9DF024EF-FC88-4A1B-BCA8-D9858C798588}.Release|Any CPU.ActiveCfg = Release|Any CPU
		{9DF024EF-FC88-4A1B-BCA8-D9858C798588}.Release|Any CPU.Build.0 = Release|Any CPU
		{DC0EFC62-E601-4AC6-B444-C866E38C7F7A}.Debug|Any CPU.ActiveCfg = Debug|Any CPU
		{DC0EFC62-E601-4AC6-B444-C866E38C7F7A}.Debug|Any CPU.Build.0 = Debug|Any CPU
		{DC0EFC62-E601-4AC6-B444-C866E38C7F7A}.Release|Any CPU.ActiveCfg = Release|Any CPU
		{DC0EFC62-E601-4AC6-B444-C866E38C7F7A}.Release|Any CPU.Build.0 = Release|Any CPU
		{77720C3B-5A4F-40D4-A0D5-0EBC9CA98CA8}.Debug|Any CPU.ActiveCfg = Debug|Any CPU
		{77720C3B-5A4F-40D4-A0D5-0EBC9CA98CA8}.Debug|Any CPU.Build.0 = Debug|Any CPU
		{77720C3B-5A4F-40D4-A0D5-0EBC9CA98CA8}.Release|Any CPU.ActiveCfg = Release|Any CPU
		{77720C3B-5A4F-40D4-A0D5-0EBC9CA98CA8}.Release|Any CPU.Build.0 = Release|Any CPU
		{73FA16FB-C519-4A3A-9102-B245859E3BD8}.Debug|Any CPU.ActiveCfg = Debug|Any CPU
		{73FA16FB-C519-4A3A-9102-B245859E3BD8}.Debug|Any CPU.Build.0 = Debug|Any CPU
		{73FA16FB-C519-4A3A-9102-B245859E3BD8}.Release|Any CPU.ActiveCfg = Release|Any CPU
		{73FA16FB-C519-4A3A-9102-B245859E3BD8}.Release|Any CPU.Build.0 = Release|Any CPU
	EndGlobalSection
	GlobalSection(SolutionProperties) = preSolution
		HideSolutionNode = FALSE
	EndGlobalSection
	GlobalSection(NestedProjects) = preSolution
		{7978805D-28F1-4C17-9C86-259C772A090C} = {8A966550-BF71-4C36-8792-62C1696D2FA5}
		{D918E61D-400C-4357-A79F-F825CE76366A} = {7978805D-28F1-4C17-9C86-259C772A090C}
		{39AC79E2-4996-4342-BB1E-9EF11760459D} = {8A966550-BF71-4C36-8792-62C1696D2FA5}
		{B5094EAA-60F4-4869-808C-2DC209926535} = {39AC79E2-4996-4342-BB1E-9EF11760459D}
		{4AD61B98-5FA1-4EC4-8FFE-0298D656BF67} = {8A966550-BF71-4C36-8792-62C1696D2FA5}
		{551FCEB0-B24B-4E9C-9A3A-EF87DA0ABD5A} = {4AD61B98-5FA1-4EC4-8FFE-0298D656BF67}
		{51124B8F-70F5-4EE0-9552-8DCCF8439E74} = {4AD61B98-5FA1-4EC4-8FFE-0298D656BF67}
		{2917168A-6A81-4A8D-B2E5-A316724942AB} = {8A966550-BF71-4C36-8792-62C1696D2FA5}
		{9DF024EF-FC88-4A1B-BCA8-D9858C798588} = {2917168A-6A81-4A8D-B2E5-A316724942AB}
		{DC0EFC62-E601-4AC6-B444-C866E38C7F7A} = {2917168A-6A81-4A8D-B2E5-A316724942AB}
		{77720C3B-5A4F-40D4-A0D5-0EBC9CA98CA8} = {2917168A-6A81-4A8D-B2E5-A316724942AB}
		{73FA16FB-C519-4A3A-9102-B245859E3BD8} = {2917168A-6A81-4A8D-B2E5-A316724942AB}
	EndGlobalSection
	GlobalSection(ExtensibilityGlobals) = postSolution
		SolutionGuid = {4F2169CC-5816-4410-AE96-6E57A843E4C0}
	EndGlobalSection
EndGlobal
